{
  "version": 4,
  "terraform_version": "1.10.0",
  "serial": 9,
  "lineage": "cf2165e2-71f0-a12b-9714-914cef426715",
  "outputs": {},
  "resources": [
    {
      "mode": "data",
      "type": "template_file",
      "name": "network_config",
      "provider": "provider[\"registry.terraform.io/hashicorp/template\"]",
      "instances": [
        {
          "index_key": 0,
          "schema_version": 0,
          "attributes": {
            "filename": null,
            "id": "bcfb7206d4010e07ad6c96e98f4bc3a12b6b3cc1eb45e32b7da63bc0a848c529",
            "rendered": "version: 2\nethernets:\n  ens3:\n    dhcp4: true",
            "template": "version: 2\nethernets:\n  ens3:\n    dhcp4: true",
            "vars": null
          },
          "sensitive_attributes": []
        },
        {
          "index_key": 1,
          "schema_version": 0,
          "attributes": {
            "filename": null,
            "id": "bcfb7206d4010e07ad6c96e98f4bc3a12b6b3cc1eb45e32b7da63bc0a848c529",
            "rendered": "version: 2\nethernets:\n  ens3:\n    dhcp4: true",
            "template": "version: 2\nethernets:\n  ens3:\n    dhcp4: true",
            "vars": null
          },
          "sensitive_attributes": []
        }
      ]
    },
    {
      "mode": "data",
      "type": "template_file",
      "name": "user_data",
      "provider": "provider[\"registry.terraform.io/hashicorp/template\"]",
      "instances": [
        {
          "index_key": 0,
          "schema_version": 0,
          "attributes": {
            "filename": null,
            "id": "dfd06c44fd2943e76c2ac9899bd401416862bb80cff35066058fb871ee0b79a0",
            "rendered": "#cloud-config\nruncmd:\n  - sed -i '/PermitRootLogin/d' /etc/ssh/sshd_config\n  - echo \"PermitRootLogin yes\" \u003e\u003e /etc/ssh/sshd_config\n  - systemctl restart sshd\nssh_pwauth: true\ndisable_root: false\nchpasswd:\n  list: |\n    root:cloudy24\n  expire: false\nusers:\n  - name: ubuntu\n    gecos: ubuntu\n    groups:\n      - sudo\n    sudo:\n      - ALL=(ALL) NOPASSWD:ALL\n    home: /home/ubuntu\n    shell: /bin/bash\n    lock_passwd: false\n    ssh_authorized_keys:\n      - ssh-rsa AAAAB3NzaC1yc2EAAAADAQABAAACAQDCHbYYh5tqg9exO3nqzWzCA4sawLlh7hRMdmFccxkhcRtQxi75tNGv92trAdWW1nbXLz9ZIybGg2uQPr0hgVJrnkgcNM3zEN0a83RcfAw0klci31OEU/gRpqqRmZMyRRtPrhavk78FHMwxpHBGpyxrVCSeXwKln+EtcLtjrWBQUatFR7+c19OXffmizjoI1Qyw8FOZETy8Hwu+K6EH3hQ3kPcA+AFHA3lxd9BRw/XuNG9MHXWL+0cmqeddGKG0OWdTvcU0/ZSoIR9FO3yei+Rbtyos5QkOmiSVv6hwipIkx0ji4CeUJ9XRjkNsIP9FHpwuqkLUMqg4K4TjG4X4FxT3xh/jRQsc3BYPCVhzbfws+C7iAYxOvlQm1ikZBsvRQkwbc4aS+NayxfKqn7c8HV6zFc8FRJf8c6h/odCEYs2J7OdZKdOuDVwZUqvqBvDnxPAe8YMVt8iG5jwqa2XFz+GNkJLdyvGIk8IOq7hRrhBu6rtDkV7SHOoKfXeD5g1im91LwZzRQfqfmD2swF8MoLVOI3YRPAYYqB3MqeMpdwTzW1yOLLMkfyJOA8iw5vhXXQt1Ed6in3Dtvc4p8rfRiUASZD/PWHFdlqS/ybGSlh+1C5BjJb601sKozZmAR5f8KS6y34NoYoMjg5Ug0LHGX3cetN4QeetHLvvrWcV8ZpmQWw== pepuhodaniel93@gmail.com",
            "template": "#cloud-config\nruncmd:\n  - sed -i '/PermitRootLogin/d' /etc/ssh/sshd_config\n  - echo \"PermitRootLogin yes\" \u003e\u003e /etc/ssh/sshd_config\n  - systemctl restart sshd\nssh_pwauth: true\ndisable_root: false\nchpasswd:\n  list: |\n    root:cloudy24\n  expire: false\nusers:\n  - name: ubuntu\n    gecos: ubuntu\n    groups:\n      - sudo\n    sudo:\n      - ALL=(ALL) NOPASSWD:ALL\n    home: /home/ubuntu\n    shell: /bin/bash\n    lock_passwd: false\n    ssh_authorized_keys:\n      - ssh-rsa AAAAB3NzaC1yc2EAAAADAQABAAACAQDCHbYYh5tqg9exO3nqzWzCA4sawLlh7hRMdmFccxkhcRtQxi75tNGv92trAdWW1nbXLz9ZIybGg2uQPr0hgVJrnkgcNM3zEN0a83RcfAw0klci31OEU/gRpqqRmZMyRRtPrhavk78FHMwxpHBGpyxrVCSeXwKln+EtcLtjrWBQUatFR7+c19OXffmizjoI1Qyw8FOZETy8Hwu+K6EH3hQ3kPcA+AFHA3lxd9BRw/XuNG9MHXWL+0cmqeddGKG0OWdTvcU0/ZSoIR9FO3yei+Rbtyos5QkOmiSVv6hwipIkx0ji4CeUJ9XRjkNsIP9FHpwuqkLUMqg4K4TjG4X4FxT3xh/jRQsc3BYPCVhzbfws+C7iAYxOvlQm1ikZBsvRQkwbc4aS+NayxfKqn7c8HV6zFc8FRJf8c6h/odCEYs2J7OdZKdOuDVwZUqvqBvDnxPAe8YMVt8iG5jwqa2XFz+GNkJLdyvGIk8IOq7hRrhBu6rtDkV7SHOoKfXeD5g1im91LwZzRQfqfmD2swF8MoLVOI3YRPAYYqB3MqeMpdwTzW1yOLLMkfyJOA8iw5vhXXQt1Ed6in3Dtvc4p8rfRiUASZD/PWHFdlqS/ybGSlh+1C5BjJb601sKozZmAR5f8KS6y34NoYoMjg5Ug0LHGX3cetN4QeetHLvvrWcV8ZpmQWw== pepuhodaniel93@gmail.com",
            "vars": null
          },
          "sensitive_attributes": []
        },
        {
          "index_key": 1,
          "schema_version": 0,
          "attributes": {
            "filename": null,
            "id": "dfd06c44fd2943e76c2ac9899bd401416862bb80cff35066058fb871ee0b79a0",
            "rendered": "#cloud-config\nruncmd:\n  - sed -i '/PermitRootLogin/d' /etc/ssh/sshd_config\n  - echo \"PermitRootLogin yes\" \u003e\u003e /etc/ssh/sshd_config\n  - systemctl restart sshd\nssh_pwauth: true\ndisable_root: false\nchpasswd:\n  list: |\n    root:cloudy24\n  expire: false\nusers:\n  - name: ubuntu\n    gecos: ubuntu\n    groups:\n      - sudo\n    sudo:\n      - ALL=(ALL) NOPASSWD:ALL\n    home: /home/ubuntu\n    shell: /bin/bash\n    lock_passwd: false\n    ssh_authorized_keys:\n      - ssh-rsa AAAAB3NzaC1yc2EAAAADAQABAAACAQDCHbYYh5tqg9exO3nqzWzCA4sawLlh7hRMdmFccxkhcRtQxi75tNGv92trAdWW1nbXLz9ZIybGg2uQPr0hgVJrnkgcNM3zEN0a83RcfAw0klci31OEU/gRpqqRmZMyRRtPrhavk78FHMwxpHBGpyxrVCSeXwKln+EtcLtjrWBQUatFR7+c19OXffmizjoI1Qyw8FOZETy8Hwu+K6EH3hQ3kPcA+AFHA3lxd9BRw/XuNG9MHXWL+0cmqeddGKG0OWdTvcU0/ZSoIR9FO3yei+Rbtyos5QkOmiSVv6hwipIkx0ji4CeUJ9XRjkNsIP9FHpwuqkLUMqg4K4TjG4X4FxT3xh/jRQsc3BYPCVhzbfws+C7iAYxOvlQm1ikZBsvRQkwbc4aS+NayxfKqn7c8HV6zFc8FRJf8c6h/odCEYs2J7OdZKdOuDVwZUqvqBvDnxPAe8YMVt8iG5jwqa2XFz+GNkJLdyvGIk8IOq7hRrhBu6rtDkV7SHOoKfXeD5g1im91LwZzRQfqfmD2swF8MoLVOI3YRPAYYqB3MqeMpdwTzW1yOLLMkfyJOA8iw5vhXXQt1Ed6in3Dtvc4p8rfRiUASZD/PWHFdlqS/ybGSlh+1C5BjJb601sKozZmAR5f8KS6y34NoYoMjg5Ug0LHGX3cetN4QeetHLvvrWcV8ZpmQWw== pepuhodaniel93@gmail.com",
            "template": "#cloud-config\nruncmd:\n  - sed -i '/PermitRootLogin/d' /etc/ssh/sshd_config\n  - echo \"PermitRootLogin yes\" \u003e\u003e /etc/ssh/sshd_config\n  - systemctl restart sshd\nssh_pwauth: true\ndisable_root: false\nchpasswd:\n  list: |\n    root:cloudy24\n  expire: false\nusers:\n  - name: ubuntu\n    gecos: ubuntu\n    groups:\n      - sudo\n    sudo:\n      - ALL=(ALL) NOPASSWD:ALL\n    home: /home/ubuntu\n    shell: /bin/bash\n    lock_passwd: false\n    ssh_authorized_keys:\n      - ssh-rsa AAAAB3NzaC1yc2EAAAADAQABAAACAQDCHbYYh5tqg9exO3nqzWzCA4sawLlh7hRMdmFccxkhcRtQxi75tNGv92trAdWW1nbXLz9ZIybGg2uQPr0hgVJrnkgcNM3zEN0a83RcfAw0klci31OEU/gRpqqRmZMyRRtPrhavk78FHMwxpHBGpyxrVCSeXwKln+EtcLtjrWBQUatFR7+c19OXffmizjoI1Qyw8FOZETy8Hwu+K6EH3hQ3kPcA+AFHA3lxd9BRw/XuNG9MHXWL+0cmqeddGKG0OWdTvcU0/ZSoIR9FO3yei+Rbtyos5QkOmiSVv6hwipIkx0ji4CeUJ9XRjkNsIP9FHpwuqkLUMqg4K4TjG4X4FxT3xh/jRQsc3BYPCVhzbfws+C7iAYxOvlQm1ikZBsvRQkwbc4aS+NayxfKqn7c8HV6zFc8FRJf8c6h/odCEYs2J7OdZKdOuDVwZUqvqBvDnxPAe8YMVt8iG5jwqa2XFz+GNkJLdyvGIk8IOq7hRrhBu6rtDkV7SHOoKfXeD5g1im91LwZzRQfqfmD2swF8MoLVOI3YRPAYYqB3MqeMpdwTzW1yOLLMkfyJOA8iw5vhXXQt1Ed6in3Dtvc4p8rfRiUASZD/PWHFdlqS/ybGSlh+1C5BjJb601sKozZmAR5f8KS6y34NoYoMjg5Ug0LHGX3cetN4QeetHLvvrWcV8ZpmQWw== pepuhodaniel93@gmail.com",
            "vars": null
          },
          "sensitive_attributes": []
        }
      ]
    },
    {
      "mode": "managed",
      "type": "libvirt_cloudinit_disk",
      "name": "commoninit",
      "provider": "provider[\"registry.terraform.io/dmacvicar/libvirt\"]",
      "instances": [
        {
          "index_key": 0,
          "schema_version": 0,
          "attributes": {
            "id": "/var/lib/libvirt/images/commoninit-0.iso;4d359359-708a-4c46-8528-f3a2aaf4d2df",
            "meta_data": "",
            "name": "commoninit-0.iso",
            "network_config": "version: 2\nethernets:\n  ens3:\n    dhcp4: true",
            "pool": "default",
            "user_data": "#cloud-config\nruncmd:\n  - sed -i '/PermitRootLogin/d' /etc/ssh/sshd_config\n  - echo \"PermitRootLogin yes\" \u003e\u003e /etc/ssh/sshd_config\n  - systemctl restart sshd\nssh_pwauth: true\ndisable_root: false\nchpasswd:\n  list: |\n    root:cloudy24\n  expire: false\nusers:\n  - name: ubuntu\n    gecos: ubuntu\n    groups:\n      - sudo\n    sudo:\n      - ALL=(ALL) NOPASSWD:ALL\n    home: /home/ubuntu\n    shell: /bin/bash\n    lock_passwd: false\n    ssh_authorized_keys:\n      - ssh-rsa AAAAB3NzaC1yc2EAAAADAQABAAACAQDCHbYYh5tqg9exO3nqzWzCA4sawLlh7hRMdmFccxkhcRtQxi75tNGv92trAdWW1nbXLz9ZIybGg2uQPr0hgVJrnkgcNM3zEN0a83RcfAw0klci31OEU/gRpqqRmZMyRRtPrhavk78FHMwxpHBGpyxrVCSeXwKln+EtcLtjrWBQUatFR7+c19OXffmizjoI1Qyw8FOZETy8Hwu+K6EH3hQ3kPcA+AFHA3lxd9BRw/XuNG9MHXWL+0cmqeddGKG0OWdTvcU0/ZSoIR9FO3yei+Rbtyos5QkOmiSVv6hwipIkx0ji4CeUJ9XRjkNsIP9FHpwuqkLUMqg4K4TjG4X4FxT3xh/jRQsc3BYPCVhzbfws+C7iAYxOvlQm1ikZBsvRQkwbc4aS+NayxfKqn7c8HV6zFc8FRJf8c6h/odCEYs2J7OdZKdOuDVwZUqvqBvDnxPAe8YMVt8iG5jwqa2XFz+GNkJLdyvGIk8IOq7hRrhBu6rtDkV7SHOoKfXeD5g1im91LwZzRQfqfmD2swF8MoLVOI3YRPAYYqB3MqeMpdwTzW1yOLLMkfyJOA8iw5vhXXQt1Ed6in3Dtvc4p8rfRiUASZD/PWHFdlqS/ybGSlh+1C5BjJb601sKozZmAR5f8KS6y34NoYoMjg5Ug0LHGX3cetN4QeetHLvvrWcV8ZpmQWw== pepuhodaniel93@gmail.com"
          },
          "sensitive_attributes": [],
          "private": "bnVsbA==",
          "dependencies": [
            "data.template_file.network_config",
            "data.template_file.user_data"
          ]
        },
        {
          "index_key": 1,
          "schema_version": 0,
          "attributes": {
            "id": "/var/lib/libvirt/images/commoninit-1.iso;6c280033-fc7a-44bc-b877-555db25713c8",
            "meta_data": "",
            "name": "commoninit-1.iso",
            "network_config": "version: 2\nethernets:\n  ens3:\n    dhcp4: true",
            "pool": "default",
            "user_data": "#cloud-config\nruncmd:\n  - sed -i '/PermitRootLogin/d' /etc/ssh/sshd_config\n  - echo \"PermitRootLogin yes\" \u003e\u003e /etc/ssh/sshd_config\n  - systemctl restart sshd\nssh_pwauth: true\ndisable_root: false\nchpasswd:\n  list: |\n    root:cloudy24\n  expire: false\nusers:\n  - name: ubuntu\n    gecos: ubuntu\n    groups:\n      - sudo\n    sudo:\n      - ALL=(ALL) NOPASSWD:ALL\n    home: /home/ubuntu\n    shell: /bin/bash\n    lock_passwd: false\n    ssh_authorized_keys:\n      - ssh-rsa AAAAB3NzaC1yc2EAAAADAQABAAACAQDCHbYYh5tqg9exO3nqzWzCA4sawLlh7hRMdmFccxkhcRtQxi75tNGv92trAdWW1nbXLz9ZIybGg2uQPr0hgVJrnkgcNM3zEN0a83RcfAw0klci31OEU/gRpqqRmZMyRRtPrhavk78FHMwxpHBGpyxrVCSeXwKln+EtcLtjrWBQUatFR7+c19OXffmizjoI1Qyw8FOZETy8Hwu+K6EH3hQ3kPcA+AFHA3lxd9BRw/XuNG9MHXWL+0cmqeddGKG0OWdTvcU0/ZSoIR9FO3yei+Rbtyos5QkOmiSVv6hwipIkx0ji4CeUJ9XRjkNsIP9FHpwuqkLUMqg4K4TjG4X4FxT3xh/jRQsc3BYPCVhzbfws+C7iAYxOvlQm1ikZBsvRQkwbc4aS+NayxfKqn7c8HV6zFc8FRJf8c6h/odCEYs2J7OdZKdOuDVwZUqvqBvDnxPAe8YMVt8iG5jwqa2XFz+GNkJLdyvGIk8IOq7hRrhBu6rtDkV7SHOoKfXeD5g1im91LwZzRQfqfmD2swF8MoLVOI3YRPAYYqB3MqeMpdwTzW1yOLLMkfyJOA8iw5vhXXQt1Ed6in3Dtvc4p8rfRiUASZD/PWHFdlqS/ybGSlh+1C5BjJb601sKozZmAR5f8KS6y34NoYoMjg5Ug0LHGX3cetN4QeetHLvvrWcV8ZpmQWw== pepuhodaniel93@gmail.com"
          },
          "sensitive_attributes": [],
          "private": "bnVsbA==",
          "dependencies": [
            "data.template_file.network_config",
            "data.template_file.user_data"
          ]
        }
      ]
    },
    {
      "mode": "managed",
      "type": "libvirt_domain",
      "name": "domain-ubuntu",
      "provider": "provider[\"registry.terraform.io/dmacvicar/libvirt\"]",
      "instances": [
        {
          "index_key": 0,
          "schema_version": 0,
          "attributes": {
            "arch": "x86_64",
            "autostart": false,
            "boot_device": [],
            "cloudinit": "/var/lib/libvirt/images/commoninit-0.iso;4d359359-708a-4c46-8528-f3a2aaf4d2df",
            "cmdline": null,
            "console": [
              {
                "source_host": "127.0.0.1",
                "source_path": "",
                "source_service": "0",
                "target_port": "0",
                "target_type": "serial",
                "type": "pty"
              },
              {
                "source_host": "127.0.0.1",
                "source_path": "",
                "source_service": "0",
                "target_port": "1",
                "target_type": "virtio",
                "type": "pty"
              }
            ],
            "coreos_ignition": null,
            "cpu": [
              {
                "mode": "custom"
              }
            ],
            "description": "",
            "disk": [
              {
                "block_device": "",
                "file": "",
                "scsi": false,
                "url": "",
                "volume_id": "/var/lib/libvirt/images/ubuntu20-0.qcow2",
                "wwn": ""
              }
            ],
            "emulator": "/usr/bin/qemu-system-x86_64",
            "filesystem": [],
            "firmware": null,
            "fw_cfg_name": "opt/com.coreos/config",
            "graphics": [
              {
                "autoport": true,
                "listen_address": "127.0.0.1",
                "listen_type": "address",
                "type": "spice",
                "websocket": 0
              }
            ],
            "id": "6e9f0874-4500-4c71-8a75-086a833d38b2",
            "initrd": "",
            "kernel": "",
            "machine": "pc",
            "memory": 1024,
            "metadata": null,
            "name": "vm1",
            "network_interface": [
              {
                "addresses": [
                  "192.168.122.19"
                ],
                "bridge": "",
                "hostname": "vm1",
                "mac": "52:54:00:2E:0E:86",
                "macvtap": "",
                "network_id": "87a5983b-1b95-4e97-9750-b38942a6047c",
                "network_name": "default",
                "passthrough": "",
                "vepa": "",
                "wait_for_lease": true
              }
            ],
            "nvram": null,
            "qemu_agent": false,
            "running": true,
            "timeouts": null,
            "tpm": [],
            "type": "kvm",
            "vcpu": 1,
            "video": [],
            "xml": []
          },
          "sensitive_attributes": [],
          "private": "eyJlMmJmYjczMC1lY2FhLTExZTYtOGY4OC0zNDM2M2JjN2M0YzAiOnsiY3JlYXRlIjozMDAwMDAwMDAwMDB9fQ==",
          "dependencies": [
            "data.template_file.network_config",
            "data.template_file.user_data",
            "libvirt_cloudinit_disk.commoninit",
            "libvirt_volume.base",
            "libvirt_volume.ubuntu20-qcow2",
            "null_resource.cache_image"
          ]
        },
        {
          "index_key": 1,
          "schema_version": 0,
          "attributes": {
            "arch": "x86_64",
            "autostart": false,
            "boot_device": [],
            "cloudinit": "/var/lib/libvirt/images/commoninit-1.iso;6c280033-fc7a-44bc-b877-555db25713c8",
            "cmdline": null,
            "console": [
              {
                "source_host": "127.0.0.1",
                "source_path": "",
                "source_service": "0",
                "target_port": "0",
                "target_type": "serial",
                "type": "pty"
              },
              {
                "source_host": "127.0.0.1",
                "source_path": "",
                "source_service": "0",
                "target_port": "1",
                "target_type": "virtio",
                "type": "pty"
              }
            ],
            "coreos_ignition": null,
            "cpu": [
              {
                "mode": "custom"
              }
            ],
            "description": "",
            "disk": [
              {
                "block_device": "",
                "file": "",
                "scsi": false,
                "url": "",
                "volume_id": "/var/lib/libvirt/images/ubuntu20-1.qcow2",
                "wwn": ""
              }
            ],
            "emulator": "/usr/bin/qemu-system-x86_64",
            "filesystem": [],
            "firmware": null,
            "fw_cfg_name": "opt/com.coreos/config",
            "graphics": [
              {
                "autoport": true,
                "listen_address": "127.0.0.1",
                "listen_type": "address",
                "type": "spice",
                "websocket": 0
              }
            ],
            "id": "6221f782-48b7-49a4-9eb9-fc92970f06a2",
            "initrd": "",
            "kernel": "",
            "machine": "pc",
            "memory": 1024,
            "metadata": null,
            "name": "vm2",
            "network_interface": [
              {
                "addresses": [
                  "192.168.122.15"
                ],
                "bridge": "",
                "hostname": "vm2",
                "mac": "52:54:00:86:D4:CA",
                "macvtap": "",
                "network_id": "87a5983b-1b95-4e97-9750-b38942a6047c",
                "network_name": "default",
                "passthrough": "",
                "vepa": "",
                "wait_for_lease": true
              }
            ],
            "nvram": null,
            "qemu_agent": false,
            "running": true,
            "timeouts": null,
            "tpm": [],
            "type": "kvm",
            "vcpu": 1,
            "video": [],
            "xml": []
          },
          "sensitive_attributes": [],
          "private": "eyJlMmJmYjczMC1lY2FhLTExZTYtOGY4OC0zNDM2M2JjN2M0YzAiOnsiY3JlYXRlIjozMDAwMDAwMDAwMDB9fQ==",
          "dependencies": [
            "data.template_file.network_config",
            "data.template_file.user_data",
            "libvirt_cloudinit_disk.commoninit",
            "libvirt_volume.base",
            "libvirt_volume.ubuntu20-qcow2",
            "null_resource.cache_image"
          ]
        }
      ]
    },
    {
      "mode": "managed",
      "type": "libvirt_volume",
      "name": "base",
      "provider": "provider[\"registry.terraform.io/dmacvicar/libvirt\"]",
      "instances": [
        {
          "schema_version": 0,
          "attributes": {
            "base_volume_id": null,
            "base_volume_name": null,
            "base_volume_pool": null,
            "format": "qcow2",
            "id": "/var/lib/libvirt/images/base.qcow2",
            "name": "base.qcow2",
            "pool": "default",
            "size": 2361393152,
            "source": "/tmp/ubuntu-20.04.qcow2",
            "xml": []
          },
          "sensitive_attributes": [],
          "private": "bnVsbA==",
          "dependencies": [
            "null_resource.cache_image"
          ]
        }
      ]
    },
    {
      "mode": "managed",
      "type": "libvirt_volume",
      "name": "ubuntu20-qcow2",
      "provider": "provider[\"registry.terraform.io/dmacvicar/libvirt\"]",
      "instances": [
        {
          "index_key": 0,
          "schema_version": 0,
          "attributes": {
            "base_volume_id": "/var/lib/libvirt/images/base.qcow2",
            "base_volume_name": null,
            "base_volume_pool": null,
            "format": "qcow2",
            "id": "/var/lib/libvirt/images/ubuntu20-0.qcow2",
            "name": "ubuntu20-0.qcow2",
            "pool": "default",
            "size": 10737418240,
            "source": null,
            "xml": []
          },
          "sensitive_attributes": [],
          "private": "bnVsbA==",
          "dependencies": [
            "libvirt_volume.base",
            "null_resource.cache_image"
          ]
        },
        {
          "index_key": 1,
          "schema_version": 0,
          "attributes": {
            "base_volume_id": "/var/lib/libvirt/images/base.qcow2",
            "base_volume_name": null,
            "base_volume_pool": null,
            "format": "qcow2",
            "id": "/var/lib/libvirt/images/ubuntu20-1.qcow2",
            "name": "ubuntu20-1.qcow2",
            "pool": "default",
            "size": 10737418240,
            "source": null,
            "xml": []
          },
          "sensitive_attributes": [],
          "private": "bnVsbA==",
          "dependencies": [
            "libvirt_volume.base",
            "null_resource.cache_image"
          ]
        }
      ]
    },
    {
      "mode": "managed",
      "type": "null_resource",
      "name": "cache_image",
      "provider": "provider[\"registry.terraform.io/hashicorp/null\"]",
      "instances": [
        {
          "schema_version": 0,
          "attributes": {
            "id": "4239391010009470471",
            "triggers": null
          },
          "sensitive_attributes": []
        }
      ]
    }
  ],
  "check_results": null
}
